
Microsoft Visual Studio Solution File, Format Version 12.00
# Visual Studio Version 17
VisualStudioVersion = 17.7.33920.267
MinimumVisualStudioVersion = 10.0.40219.1
Project("{FAE04EC0-301F-11D3-BF4B-00C04F79EFBC}") = "DenormalizedNumber", "DenormalizedNumber\DenormalizedNumber.csproj", "{96D86C8D-95DC-4913-8F8B-18013E285C40}"
EndProject
Global
	GlobalSection(SolutionConfigurationPlatforms) = preSolution
		Debug|Any CPU = Debug|Any CPU
		Release|Any CPU = Release|Any CPU
	EndGlobalSection
	GlobalSection(ProjectConfigurationPlatforms) = postSolution
		{96D86C8D-95DC-4913-8F8B-18013E285C40}.Debug|Any CPU.ActiveCfg = Debug|Any CPU
		{96D86C8D-95DC-4913-8F8B-18013E285C40}.Debug|Any CPU.Build.0 = Debug|Any CPU
		{96D86C8D-95DC-4913-8F8B-18013E285C40}.Release|Any CPU.ActiveCfg = Release|Any CPU
		{96D86C8D-95DC-4913-8F8B-18013E285C40}.Release|Any CPU.Build.0 = Release|Any CPU
	EndGlobalSection
	GlobalSection(SolutionProperties) = preSolution
		HideSolutionNode = FALSE
	EndGlobalSection
	GlobalSection(ExtensibilityGlobals) = postSolution
		SolutionGuid = {E1C633CC-EE6B-4DC1-B6A6-AAC32E748567}
	EndGlobalSection
EndGlobal
