
Microsoft Visual Studio Solution File, Format Version 12.00
# Visual Studio Version 17
VisualStudioVersion = 17.7.33920.267
MinimumVisualStudioVersion = 10.0.40219.1
Project("{FAE04EC0-301F-11D3-BF4B-00C04F79EFBC}") = "ConvertToString", "ConvertToString\ConvertToString.csproj", "{0E8A2C41-07E5-4883-8ED6-2BC57322E78B}"
EndProject
Global
	GlobalSection(SolutionConfigurationPlatforms) = preSolution
		Debug|Any CPU = Debug|Any CPU
		Release|Any CPU = Release|Any CPU
	EndGlobalSection
	GlobalSection(ProjectConfigurationPlatforms) = postSolution
		{0E8A2C41-07E5-4883-8ED6-2BC57322E78B}.Debug|Any CPU.ActiveCfg = Debug|Any CPU
		{0E8A2C41-07E5-4883-8ED6-2BC57322E78B}.Debug|Any CPU.Build.0 = Debug|Any CPU
		{0E8A2C41-07E5-4883-8ED6-2BC57322E78B}.Release|Any CPU.ActiveCfg = Release|Any CPU
		{0E8A2C41-07E5-4883-8ED6-2BC57322E78B}.Release|Any CPU.Build.0 = Release|Any CPU
	EndGlobalSection
	GlobalSection(SolutionProperties) = preSolution
		HideSolutionNode = FALSE
	EndGlobalSection
	GlobalSection(ExtensibilityGlobals) = postSolution
		SolutionGuid = {AADE5BAC-73B6-425C-A18D-26891F0CD622}
	EndGlobalSection
EndGlobal
