
Microsoft Visual Studio Solution File, Format Version 12.00
# Visual Studio Version 17
VisualStudioVersion = 17.7.33920.267
MinimumVisualStudioVersion = 10.0.40219.1
Project("{FAE04EC0-301F-11D3-BF4B-00C04F79EFBC}") = "Enum", "Enum\Enum.csproj", "{72B8A220-0AA1-44E1-99F4-76026367878B}"
EndProject
Global
	GlobalSection(SolutionConfigurationPlatforms) = preSolution
		Debug|Any CPU = Debug|Any CPU
		Release|Any CPU = Release|Any CPU
	EndGlobalSection
	GlobalSection(ProjectConfigurationPlatforms) = postSolution
		{72B8A220-0AA1-44E1-99F4-76026367878B}.Debug|Any CPU.ActiveCfg = Debug|Any CPU
		{72B8A220-0AA1-44E1-99F4-76026367878B}.Debug|Any CPU.Build.0 = Debug|Any CPU
		{72B8A220-0AA1-44E1-99F4-76026367878B}.Release|Any CPU.ActiveCfg = Release|Any CPU
		{72B8A220-0AA1-44E1-99F4-76026367878B}.Release|Any CPU.Build.0 = Release|Any CPU
	EndGlobalSection
	GlobalSection(SolutionProperties) = preSolution
		HideSolutionNode = FALSE
	EndGlobalSection
	GlobalSection(ExtensibilityGlobals) = postSolution
		SolutionGuid = {C89B0D51-1ADF-4F3C-AF1B-52AEB3B6590F}
	EndGlobalSection
EndGlobal
