
Microsoft Visual Studio Solution File, Format Version 12.00
# Visual Studio Version 17
VisualStudioVersion = 17.7.33906.173
MinimumVisualStudioVersion = 10.0.40219.1
Project("{FAE04EC0-301F-11D3-BF4B-00C04F79EFBC}") = "FloatAdd", "FloatAdd\FloatAdd.csproj", "{0DEDCF81-55CA-4D94-A470-B93A0835EC99}"
EndProject
Global
	GlobalSection(SolutionConfigurationPlatforms) = preSolution
		Debug|Any CPU = Debug|Any CPU
		Release|Any CPU = Release|Any CPU
	EndGlobalSection
	GlobalSection(ProjectConfigurationPlatforms) = postSolution
		{0DEDCF81-55CA-4D94-A470-B93A0835EC99}.Debug|Any CPU.ActiveCfg = Debug|Any CPU
		{0DEDCF81-55CA-4D94-A470-B93A0835EC99}.Debug|Any CPU.Build.0 = Debug|Any CPU
		{0DEDCF81-55CA-4D94-A470-B93A0835EC99}.Release|Any CPU.ActiveCfg = Release|Any CPU
		{0DEDCF81-55CA-4D94-A470-B93A0835EC99}.Release|Any CPU.Build.0 = Release|Any CPU
	EndGlobalSection
	GlobalSection(SolutionProperties) = preSolution
		HideSolutionNode = FALSE
	EndGlobalSection
	GlobalSection(ExtensibilityGlobals) = postSolution
		SolutionGuid = {6FD52CB2-B932-4BCB-8388-5B3AA9E8B8A2}
	EndGlobalSection
EndGlobal
